
Microsoft Visual Studio Solution File, Format Version 12.00
# Visual Studio Version 17
VisualStudioVersion = 17.14.36603.0 d17.14
MinimumVisualStudioVersion = 10.0.40219.1
Project("{FAE04EC0-301F-11D3-BF4B-00C04F79EFBC}") = "MVC-PustokFirst", "MVC-PustokFirst\MVC-PustokFirst.csproj", "{5D13085F-9255-40FE-AC83-0D2CF6E30309}"
EndProject
Global
	GlobalSection(SolutionConfigurationPlatforms) = preSolution
		Debug|Any CPU = Debug|Any CPU
		Release|Any CPU = Release|Any CPU
	EndGlobalSection
	GlobalSection(ProjectConfigurationPlatforms) = postSolution
		{5D13085F-9255-40FE-AC83-0D2CF6E30309}.Debug|Any CPU.ActiveCfg = Debug|Any CPU
		{5D13085F-9255-40FE-AC83-0D2CF6E30309}.Debug|Any CPU.Build.0 = Debug|Any CPU
		{5D13085F-9255-40FE-AC83-0D2CF6E30309}.Release|Any CPU.ActiveCfg = Release|Any CPU
		{5D13085F-9255-40FE-AC83-0D2CF6E30309}.Release|Any CPU.Build.0 = Release|Any CPU
	EndGlobalSection
	GlobalSection(SolutionProperties) = preSolution
		HideSolutionNode = FALSE
	EndGlobalSection
	GlobalSection(ExtensibilityGlobals) = postSolution
		SolutionGuid = {4F5261B2-CFF4-4048-BF77-F097191349F4}
	EndGlobalSection
EndGlobal
