
Microsoft Visual Studio Solution File, Format Version 12.00
# Visual Studio Version 17
VisualStudioVersion = 17.14.36603.0 d17.14
MinimumVisualStudioVersion = 10.0.40219.1
Project("{FAE04EC0-301F-11D3-BF4B-00C04F79EFBC}") = "Bilet-1(Practice)", "Bilet-1(Practice)\Bilet-1(Practice).csproj", "{8CB108C2-3157-47FF-99C7-0CE88E96452C}"
EndProject
Global
	GlobalSection(SolutionConfigurationPlatforms) = preSolution
		Debug|Any CPU = Debug|Any CPU
		Release|Any CPU = Release|Any CPU
	EndGlobalSection
	GlobalSection(ProjectConfigurationPlatforms) = postSolution
		{8CB108C2-3157-47FF-99C7-0CE88E96452C}.Debug|Any CPU.ActiveCfg = Debug|Any CPU
		{8CB108C2-3157-47FF-99C7-0CE88E96452C}.Debug|Any CPU.Build.0 = Debug|Any CPU
		{8CB108C2-3157-47FF-99C7-0CE88E96452C}.Release|Any CPU.ActiveCfg = Release|Any CPU
		{8CB108C2-3157-47FF-99C7-0CE88E96452C}.Release|Any CPU.Build.0 = Release|Any CPU
	EndGlobalSection
	GlobalSection(SolutionProperties) = preSolution
		HideSolutionNode = FALSE
	EndGlobalSection
	GlobalSection(ExtensibilityGlobals) = postSolution
		SolutionGuid = {A9E2398D-F622-41DE-9605-153F715F2859}
	EndGlobalSection
EndGlobal
